
Microsoft Visual Studio Solution File, Format Version 12.00
# Visual Studio Version 16
VisualStudioVersion = 16.0.31129.286
MinimumVisualStudioVersion = 10.0.40219.1
Project("{9A19103F-16F7-4668-BE54-9A1E7A4F7556}") = "BlazorApp", "BlazorApp\BlazorApp.csproj", "{2FC64283-E64D-4A37-B0D7-0170A16B2973}"
EndProject
Project("{9A19103F-16F7-4668-BE54-9A1E7A4F7556}") = "WebAPI", "WebAPI\WebAPI.csproj", "{219FAD14-5583-43AC-B4B6-4C668BDDDD17}"
EndProject
Project("{9A19103F-16F7-4668-BE54-9A1E7A4F7556}") = "SharedLibrary", "SharedLibrary\SharedLibrary.csproj", "{354BFD67-327C-495A-8B9E-15FFA368F9F6}"
EndProject
Global
	GlobalSection(SolutionConfigurationPlatforms) = preSolution
		Debug|Any CPU = Debug|Any CPU
		Release|Any CPU = Release|Any CPU
	EndGlobalSection
	GlobalSection(ProjectConfigurationPlatforms) = postSolution
		{2FC64283-E64D-4A37-B0D7-0170A16B2973}.Debug|Any CPU.ActiveCfg = Debug|Any CPU
		{2FC64283-E64D-4A37-B0D7-0170A16B2973}.Debug|Any CPU.Build.0 = Debug|Any CPU
		{2FC64283-E64D-4A37-B0D7-0170A16B2973}.Release|Any CPU.ActiveCfg = Release|Any CPU
		{2FC64283-E64D-4A37-B0D7-0170A16B2973}.Release|Any CPU.Build.0 = Release|Any CPU
		{219FAD14-5583-43AC-B4B6-4C668BDDDD17}.Debug|Any CPU.ActiveCfg = Debug|Any CPU
		{219FAD14-5583-43AC-B4B6-4C668BDDDD17}.Debug|Any CPU.Build.0 = Debug|Any CPU
		{219FAD14-5583-43AC-B4B6-4C668BDDDD17}.Release|Any CPU.ActiveCfg = Release|Any CPU
		{219FAD14-5583-43AC-B4B6-4C668BDDDD17}.Release|Any CPU.Build.0 = Release|Any CPU
		{354BFD67-327C-495A-8B9E-15FFA368F9F6}.Debug|Any CPU.ActiveCfg = Debug|Any CPU
		{354BFD67-327C-495A-8B9E-15FFA368F9F6}.Debug|Any CPU.Build.0 = Debug|Any CPU
		{354BFD67-327C-495A-8B9E-15FFA368F9F6}.Release|Any CPU.ActiveCfg = Release|Any CPU
		{354BFD67-327C-495A-8B9E-15FFA368F9F6}.Release|Any CPU.Build.0 = Release|Any CPU
	EndGlobalSection
	GlobalSection(SolutionProperties) = preSolution
		HideSolutionNode = FALSE
	EndGlobalSection
	GlobalSection(ExtensibilityGlobals) = postSolution
		SolutionGuid = {4DD3A00A-D5E9-4433-9A11-7D03CABFBC2F}
	EndGlobalSection
EndGlobal
